# This file is automatically @generated by Cargo.
# It is not intended for manual editing.
version = 4

[[package]]
name = "critical-section"
version = "1.2.0"
source = "registry+https://github.com/rust-lang/crates.io-index"
checksum = "790eea4361631c5e7d22598ecd5723ff611904e3344ce8720784c93e3d83d40b"

[[package]]
name = "rfid"
version = "0.1.0"
dependencies = [
 "critical-section",
 "rtt-target",
]

[[package]]
name = "rtt-target"
version = "0.5.0"
source = "registry+https://github.com/rust-lang/crates.io-index"
checksum = "10b34c9e6832388e45f3c01f1bb60a016384a0a4ad80cdd7d34913bed25037f0"
dependencies = [
 "critical-section",
 "ufmt-write",
]

[[package]]
name = "ufmt-write"
version = "0.1.0"
source = "registry+https://github.com/rust-lang/crates.io-index"
checksum = "e87a2ed6b42ec5e28cc3b94c09982969e9227600b2e3dcbc1db927a84c06bd69"
